
Microsoft Visual Studio Solution File, Format Version 12.00
# Visual Studio Version 17
VisualStudioVersion = 17.6.33815.320
MinimumVisualStudioVersion = 10.0.40219.1
Project("{9A19103F-16F7-4668-BE54-9A1E7A4F7556}") = "AdminBaker.Server", "AdminBaker\Server\AdminBaker.Server.csproj", "{4DBD6362-E73B-49C7-95B3-DA0718CB0B7C}"
EndProject
Project("{9A19103F-16F7-4668-BE54-9A1E7A4F7556}") = "AdminBaker.Client", "AdminBaker\Client\AdminBaker.Client.csproj", "{4DDD0023-BAAC-49BE-8900-532AFF56C118}"
EndProject
Project("{9A19103F-16F7-4668-BE54-9A1E7A4F7556}") = "AdminBaker.Shared", "AdminBaker\Shared\AdminBaker.Shared.csproj", "{2192A7DB-C8D0-499A-86D5-910E4ECDC880}"
EndProject
Project("{9A19103F-16F7-4668-BE54-9A1E7A4F7556}") = "AdminBaker.Entities", "AdminBaker.Entities\AdminBaker.Entities.csproj", "{B2AC72E9-B0AE-46A8-A07C-39597C1F485D}"
EndProject
Project("{9A19103F-16F7-4668-BE54-9A1E7A4F7556}") = "AdminBaker.DataAccess", "AdminBaker.DataAccess\AdminBaker.DataAccess.csproj", "{C4C0A212-F81C-4356-99A8-AE152854B424}"
EndProject
Project("{9A19103F-16F7-4668-BE54-9A1E7A4F7556}") = "AdminBaker.Repositories", "AdminBaker.Repositories\AdminBaker.Repositories.csproj", "{82C14E59-299A-4762-A777-A0C9AF7DBD30}"
EndProject
Project("{9A19103F-16F7-4668-BE54-9A1E7A4F7556}") = "AdminBaker.Services", "AdminBaker.Services\AdminBaker.Services.csproj", "{19E65AB0-E699-4E4B-A1DC-BB8550D63963}"
EndProject
Project("{2150E333-8FDC-42A3-9474-1A3956D46DE8}") = "01. Entidades", "01. Entidades", "{25A1D68E-533E-41A6-A9E2-48B637218DCE}"
EndProject
Project("{2150E333-8FDC-42A3-9474-1A3956D46DE8}") = "02. Acceso a Datos", "02. Acceso a Datos", "{FD88CF3B-4336-45E8-99D5-8D830BB03E17}"
EndProject
Project("{2150E333-8FDC-42A3-9474-1A3956D46DE8}") = "04. Logica de Negocio", "04. Logica de Negocio", "{EB1851D7-9B1D-4C5E-960A-B34BADE917E5}"
EndProject
Project("{2150E333-8FDC-42A3-9474-1A3956D46DE8}") = "03. API REST", "03. API REST", "{B0A1F4AA-031F-403C-BC6F-11E69C1FC2D6}"
EndProject
Project("{2150E333-8FDC-42A3-9474-1A3956D46DE8}") = "00. Frontend", "00. Frontend", "{B2A87968-7F7E-4281-8EEA-F5FF79FAAB15}"
EndProject
Project("{2150E333-8FDC-42A3-9474-1A3956D46DE8}") = "05. Data Transfer Objects", "05. Data Transfer Objects", "{6D263B08-681D-488B-A698-29F1196B0E9F}"
EndProject
Global
	GlobalSection(SolutionConfigurationPlatforms) = preSolution
		Debug|Any CPU = Debug|Any CPU
		Release|Any CPU = Release|Any CPU
	EndGlobalSection
	GlobalSection(ProjectConfigurationPlatforms) = postSolution
		{4DBD6362-E73B-49C7-95B3-DA0718CB0B7C}.Debug|Any CPU.ActiveCfg = Debug|Any CPU
		{4DBD6362-E73B-49C7-95B3-DA0718CB0B7C}.Debug|Any CPU.Build.0 = Debug|Any CPU
		{4DBD6362-E73B-49C7-95B3-DA0718CB0B7C}.Release|Any CPU.ActiveCfg = Release|Any CPU
		{4DBD6362-E73B-49C7-95B3-DA0718CB0B7C}.Release|Any CPU.Build.0 = Release|Any CPU
		{4DDD0023-BAAC-49BE-8900-532AFF56C118}.Debug|Any CPU.ActiveCfg = Debug|Any CPU
		{4DDD0023-BAAC-49BE-8900-532AFF56C118}.Debug|Any CPU.Build.0 = Debug|Any CPU
		{4DDD0023-BAAC-49BE-8900-532AFF56C118}.Release|Any CPU.ActiveCfg = Release|Any CPU
		{4DDD0023-BAAC-49BE-8900-532AFF56C118}.Release|Any CPU.Build.0 = Release|Any CPU
		{2192A7DB-C8D0-499A-86D5-910E4ECDC880}.Debug|Any CPU.ActiveCfg = Debug|Any CPU
		{2192A7DB-C8D0-499A-86D5-910E4ECDC880}.Debug|Any CPU.Build.0 = Debug|Any CPU
		{2192A7DB-C8D0-499A-86D5-910E4ECDC880}.Release|Any CPU.ActiveCfg = Release|Any CPU
		{2192A7DB-C8D0-499A-86D5-910E4ECDC880}.Release|Any CPU.Build.0 = Release|Any CPU
		{B2AC72E9-B0AE-46A8-A07C-39597C1F485D}.Debug|Any CPU.ActiveCfg = Debug|Any CPU
		{B2AC72E9-B0AE-46A8-A07C-39597C1F485D}.Debug|Any CPU.Build.0 = Debug|Any CPU
		{B2AC72E9-B0AE-46A8-A07C-39597C1F485D}.Release|Any CPU.ActiveCfg = Release|Any CPU
		{B2AC72E9-B0AE-46A8-A07C-39597C1F485D}.Release|Any CPU.Build.0 = Release|Any CPU
		{C4C0A212-F81C-4356-99A8-AE152854B424}.Debug|Any CPU.ActiveCfg = Debug|Any CPU
		{C4C0A212-F81C-4356-99A8-AE152854B424}.Debug|Any CPU.Build.0 = Debug|Any CPU
		{C4C0A212-F81C-4356-99A8-AE152854B424}.Release|Any CPU.ActiveCfg = Release|Any CPU
		{C4C0A212-F81C-4356-99A8-AE152854B424}.Release|Any CPU.Build.0 = Release|Any CPU
		{82C14E59-299A-4762-A777-A0C9AF7DBD30}.Debug|Any CPU.ActiveCfg = Debug|Any CPU
		{82C14E59-299A-4762-A777-A0C9AF7DBD30}.Debug|Any CPU.Build.0 = Debug|Any CPU
		{82C14E59-299A-4762-A777-A0C9AF7DBD30}.Release|Any CPU.ActiveCfg = Release|Any CPU
		{82C14E59-299A-4762-A777-A0C9AF7DBD30}.Release|Any CPU.Build.0 = Release|Any CPU
		{19E65AB0-E699-4E4B-A1DC-BB8550D63963}.Debug|Any CPU.ActiveCfg = Debug|Any CPU
		{19E65AB0-E699-4E4B-A1DC-BB8550D63963}.Debug|Any CPU.Build.0 = Debug|Any CPU
		{19E65AB0-E699-4E4B-A1DC-BB8550D63963}.Release|Any CPU.ActiveCfg = Release|Any CPU
		{19E65AB0-E699-4E4B-A1DC-BB8550D63963}.Release|Any CPU.Build.0 = Release|Any CPU
	EndGlobalSection
	GlobalSection(SolutionProperties) = preSolution
		HideSolutionNode = FALSE
	EndGlobalSection
	GlobalSection(NestedProjects) = preSolution
		{4DBD6362-E73B-49C7-95B3-DA0718CB0B7C} = {B0A1F4AA-031F-403C-BC6F-11E69C1FC2D6}
		{4DDD0023-BAAC-49BE-8900-532AFF56C118} = {B2A87968-7F7E-4281-8EEA-F5FF79FAAB15}
		{2192A7DB-C8D0-499A-86D5-910E4ECDC880} = {6D263B08-681D-488B-A698-29F1196B0E9F}
		{B2AC72E9-B0AE-46A8-A07C-39597C1F485D} = {25A1D68E-533E-41A6-A9E2-48B637218DCE}
		{C4C0A212-F81C-4356-99A8-AE152854B424} = {FD88CF3B-4336-45E8-99D5-8D830BB03E17}
		{82C14E59-299A-4762-A777-A0C9AF7DBD30} = {FD88CF3B-4336-45E8-99D5-8D830BB03E17}
		{19E65AB0-E699-4E4B-A1DC-BB8550D63963} = {EB1851D7-9B1D-4C5E-960A-B34BADE917E5}
	EndGlobalSection
	GlobalSection(ExtensibilityGlobals) = postSolution
		SolutionGuid = {04D49B9B-2B7F-4972-84CE-C80137F9F7E2}
	EndGlobalSection
EndGlobal
